# THIS IS AN AUTOGENERATED FILE. DO NOT EDIT THIS FILE DIRECTLY.
# yarn lockfile v1


"@fortawesome/fontawesome-common-types@^0.2.35":
  version "0.2.35"
  resolved "https://registry.npm.taobao.org/@fortawesome/fontawesome-common-types/download/@fortawesome/fontawesome-common-types-0.2.35.tgz#01dd3d054da07a00b764d78748df20daf2b317e9"
  integrity sha1-Ad09BU2gegC3ZNeHSN8g2vKzF+k=

"@fortawesome/free-solid-svg-icons@^5.15.3":
  version "5.15.3"
  resolved "https://registry.npm.taobao.org/@fortawesome/free-solid-svg-icons/download/@fortawesome/free-solid-svg-icons-5.15.3.tgz#52eebe354f60dc77e0bde934ffc5c75ffd04f9d8"
  integrity sha1-Uu6+NU9g3Hfgvek0/8XHX/0E+dg=
  dependencies:
    "@fortawesome/fontawesome-common-types" "^0.2.35"

cookie-storage@^6.1.0:
  version "6.1.0"
  resolved "https://registry.nlark.com/cookie-storage/download/cookie-storage-6.1.0.tgz#291b2f662d961be44f999626593421cbfcf23790"
  integrity sha1-KRsvZi2WG+RPmZYmWTQhy/zyN5A=

copy-text-to-clipboard@^3.0.1:
  version "3.0.1"
  resolved "https://registry.npm.taobao.org/copy-text-to-clipboard/download/copy-text-to-clipboard-3.0.1.tgz#8cbf8f90e0a47f12e4a24743736265d157bce69c"
  integrity sha1-jL+PkOCkfxLkokdDc2Jl0Ve85pw=

core-js@^3.11.0:
  version "3.15.2"
  resolved "https://registry.nlark.com/core-js/download/core-js-3.15.2.tgz?cache=0&sync_timestamp=1624966012065&other_urls=https%3A%2F%2Fregistry.nlark.com%2Fcore-js%2Fdownload%2Fcore-js-3.15.2.tgz#740660d2ff55ef34ce664d7e2455119c5bdd3d61"
  integrity sha1-dAZg0v9V7zTOZk1+JFURnFvdPWE=

decode-uri-component@^0.2.0:
  version "0.2.0"
  resolved "https://registry.npm.taobao.org/decode-uri-component/download/decode-uri-component-0.2.0.tgz#eb3913333458775cb84cd1a1fae062106bb87545"
  integrity sha1-6zkTMzRYd1y4TNGh+uBiEGu4dUU=

echarts-amap@^1.0.0-rc.6:
  version "1.0.0-rc.6"
  resolved "https://registry.npm.taobao.org/echarts-amap/download/echarts-amap-1.0.0-rc.6.tgz#5782a74daee52ed44ce3f8f62577561783f09e16"
  integrity sha1-V4KnTa7lLtRM4/j2JXdWF4PwnhY=

echarts@^4.9.0:
  version "4.9.0"
  resolved "https://registry.nlark.com/echarts/download/echarts-4.9.0.tgz?cache=0&sync_timestamp=1623167272851&other_urls=https%3A%2F%2Fregistry.nlark.com%2Fecharts%2Fdownload%2Fecharts-4.9.0.tgz#a9b9baa03f03a2a731e6340c55befb57a9e1347d"
  integrity sha1-qbm6oD8Doqcx5jQMVb77V6nhNH0=
  dependencies:
    zrender "4.3.2"

filter-obj@^1.1.0:
  version "1.1.0"
  resolved "https://registry.nlark.com/filter-obj/download/filter-obj-1.1.0.tgz#9b311112bc6c6127a16e016c6c5d7f19e0805c5b"
  integrity sha1-mzERErxsYSehbgFsbF1/GeCAXFs=

mutation-observer@^1.0.3:
  version "1.0.3"
  resolved "https://registry.npm.taobao.org/mutation-observer/download/mutation-observer-1.0.3.tgz#42e9222b101bca82e5ba9d5a7acf4a14c0f263d0"
  integrity sha1-QukiKxAbyoLlup1aes9KFMDyY9A=

numeral@^2.0.6:
  version "2.0.6"
  resolved "https://registry.npm.taobao.org/numeral/download/numeral-2.0.6.tgz#4ad080936d443c2561aed9f2197efffe25f4e506"
  integrity sha1-StCAk21EPCVhrtnyGX7//iX05QY=

query-string@^6.12.1:
  version "6.14.1"
  resolved "https://registry.nlark.com/query-string/download/query-string-6.14.1.tgz?cache=0&sync_timestamp=1624297307497&other_urls=https%3A%2F%2Fregistry.nlark.com%2Fquery-string%2Fdownload%2Fquery-string-6.14.1.tgz#7ac2dca46da7f309449ba0f86b1fd28255b0c86a"
  integrity sha1-esLcpG2n8wlEm6D4ax/SglWwyGo=
  dependencies:
    decode-uri-component "^0.2.0"
    filter-obj "^1.1.0"
    split-on-first "^1.0.0"
    strict-uri-encode "^2.0.0"

split-on-first@^1.0.0:
  version "1.1.0"
  resolved "https://registry.npm.taobao.org/split-on-first/download/split-on-first-1.1.0.tgz?cache=0&sync_timestamp=1618466987898&other_urls=https%3A%2F%2Fregistry.npm.taobao.org%2Fsplit-on-first%2Fdownload%2Fsplit-on-first-1.1.0.tgz#f610afeee3b12bce1d0c30425e76398b78249a5f"
  integrity sha1-9hCv7uOxK84dDDBCXnY5i3gkml8=

strict-uri-encode@^2.0.0:
  version "2.0.0"
  resolved "https://registry.npm.taobao.org/strict-uri-encode/download/strict-uri-encode-2.0.0.tgz#b9c7330c7042862f6b142dc274bbcc5866ce3546"
  integrity sha1-ucczDHBChi9rFC3CdLvMWGbONUY=

svelte-fa@^2.2.1:
  version "2.2.1"
  resolved "https://registry.nlark.com/svelte-fa/download/svelte-fa-2.2.1.tgz#743b5662ce594705bc8f16d99d84ebfa23f326dd"
  integrity sha1-dDtWYs5ZRwW8jxbZnYTr+iPzJt0=

uni-simple-router@^1.5.5:
  version "1.5.5"
  resolved "https://registry.nlark.com/uni-simple-router/download/uni-simple-router-1.5.5.tgz?cache=0&sync_timestamp=1623057810235&other_urls=https%3A%2F%2Fregistry.nlark.com%2Funi-simple-router%2Fdownload%2Funi-simple-router-1.5.5.tgz#598f4adbece98372f7cfeb3b8a627089b4203899"
  integrity sha1-WY9K2+zpg3L3z+s7imJwibQgOJk=
  dependencies:
    query-string "^6.12.1"

uview-ui@^1.8.4:
  version "1.8.4"
  resolved "https://registry.npm.taobao.org/uview-ui/download/uview-ui-1.8.4.tgz#e32bbf2379421d319022e324e1cb7b5387d3bd44"
  integrity sha1-4yu/I3lCHTGQIuMk4ct7U4fTvUQ=

v-charts-v2@^2.0.9:
  version "2.0.9"
  resolved "https://registry.nlark.com/v-charts-v2/download/v-charts-v2-2.0.9.tgz#9dbec708c58eb4e8653f79eb64c3ed168db6baf6"
  integrity sha1-nb7HCMWOtOhlP3nrZMPtFo22uvY=
  dependencies:
    echarts-amap "^1.0.0-rc.6"
    numeral "^2.0.6"

vconsole@^3.7.0:
  version "3.9.0"
  resolved "https://registry.nlark.com/vconsole/download/vconsole-3.9.0.tgz?cache=0&sync_timestamp=1626420160382&other_urls=https%3A%2F%2Fregistry.nlark.com%2Fvconsole%2Fdownload%2Fvconsole-3.9.0.tgz#342933825caa484890635aeacfe72ffc2c72f60e"
  integrity sha1-NCkzglyqSEiQY1rqz+cv/Cxy9g4=
  dependencies:
    "@fortawesome/free-solid-svg-icons" "^5.15.3"
    cookie-storage "^6.1.0"
    copy-text-to-clipboard "^3.0.1"
    core-js "^3.11.0"
    mutation-observer "^1.0.3"
    svelte-fa "^2.2.1"

zrender@4.3.2:
  version "4.3.2"
  resolved "https://registry.nlark.com/zrender/download/zrender-4.3.2.tgz#ec7432f9415c82c73584b6b7b8c47e1b016209c6"
  integrity sha1-7HQy+UFcgsc1hLa3uMR+GwFiCcY=
