# THIS IS AN AUTOGENERATED FILE. DO NOT EDIT THIS FILE DIRECTLY.
# yarn lockfile v1


base64-arraybuffer@^0.2.0:
  version "0.2.0"
  resolved "https://npm.tt.cn/base64-arraybuffer/-/base64-arraybuffer-0.2.0.tgz#4b944fac0191aa5907afe2d8c999ccc57ce80f45"
  integrity sha512-7emyCsu1/xiBXgQZrscw/8KPRT44I4Yq9Pe6EGs3aPRTsWuggML1/1DTuZUuIaJPIm1FTDUVXl4x/yW8s0kQDQ==

base64-arraybuffer@^1.0.1:
  version "1.0.1"
  resolved "https://npm.tt.cn/base64-arraybuffer/-/base64-arraybuffer-1.0.1.tgz#87bd13525626db4a9838e00a508c2b73efcf348c"
  integrity sha1-h70TUlYm20qYOOAKUIwrc+/PNIw=

css-line-break@2.0.1:
  version "2.0.1"
  resolved "https://npm.tt.cn/css-line-break/-/css-line-break-2.0.1.tgz#3dc74c2ed5eb64211480281932475790243e7338"
  integrity sha1-PcdMLtXrZCEUgCgZMkdXkCQ+czg=
  dependencies:
    base64-arraybuffer "^0.2.0"

decode-uri-component@^0.2.0:
  version "0.2.0"
  resolved "https://registry.npm.taobao.org/decode-uri-component/download/decode-uri-component-0.2.0.tgz#eb3913333458775cb84cd1a1fae062106bb87545"
  integrity sha1-6zkTMzRYd1y4TNGh+uBiEGu4dUU=

echarts-amap@^1.0.0-rc.6:
  version "1.0.0-rc.6"
  resolved "https://registry.npm.taobao.org/echarts-amap/download/echarts-amap-1.0.0-rc.6.tgz#5782a74daee52ed44ce3f8f62577561783f09e16"
  integrity sha1-V4KnTa7lLtRM4/j2JXdWF4PwnhY=

filter-obj@^1.1.0:
  version "1.1.0"
  resolved "https://registry.nlark.com/filter-obj/download/filter-obj-1.1.0.tgz#9b311112bc6c6127a16e016c6c5d7f19e0805c5b"
  integrity sha1-mzERErxsYSehbgFsbF1/GeCAXFs=

html2canvas@^1.3.2:
  version "1.3.2"
  resolved "https://npm.tt.cn/html2canvas/-/html2canvas-1.3.2.tgz#951cc8388a3ce939fdac02131007ee28124afc27"
  integrity sha1-lRzIOIo86Tn9rAITEAfuKBJK/Cc=
  dependencies:
    css-line-break "2.0.1"
    text-segmentation "^1.0.2"

numeral@^2.0.6:
  version "2.0.6"
  resolved "https://registry.npm.taobao.org/numeral/download/numeral-2.0.6.tgz#4ad080936d443c2561aed9f2197efffe25f4e506"
  integrity sha1-StCAk21EPCVhrtnyGX7//iX05QY=

query-string@^6.12.1:
  version "6.14.1"
  resolved "https://registry.nlark.com/query-string/download/query-string-6.14.1.tgz?cache=0&sync_timestamp=1624297307497&other_urls=https%3A%2F%2Fregistry.nlark.com%2Fquery-string%2Fdownload%2Fquery-string-6.14.1.tgz#7ac2dca46da7f309449ba0f86b1fd28255b0c86a"
  integrity sha1-esLcpG2n8wlEm6D4ax/SglWwyGo=
  dependencies:
    decode-uri-component "^0.2.0"
    filter-obj "^1.1.0"
    split-on-first "^1.0.0"
    strict-uri-encode "^2.0.0"

split-on-first@^1.0.0:
  version "1.1.0"
  resolved "https://registry.npm.taobao.org/split-on-first/download/split-on-first-1.1.0.tgz?cache=0&sync_timestamp=1618466987898&other_urls=https%3A%2F%2Fregistry.npm.taobao.org%2Fsplit-on-first%2Fdownload%2Fsplit-on-first-1.1.0.tgz#f610afeee3b12bce1d0c30425e76398b78249a5f"
  integrity sha1-9hCv7uOxK84dDDBCXnY5i3gkml8=

strict-uri-encode@^2.0.0:
  version "2.0.0"
  resolved "https://registry.npm.taobao.org/strict-uri-encode/download/strict-uri-encode-2.0.0.tgz#b9c7330c7042862f6b142dc274bbcc5866ce3546"
  integrity sha1-ucczDHBChi9rFC3CdLvMWGbONUY=

text-segmentation@^1.0.2:
  version "1.0.2"
  resolved "https://npm.tt.cn/text-segmentation/-/text-segmentation-1.0.2.tgz#1f828fa14aa101c114ded1bda35ba7dcc17c9858"
  integrity sha1-H4KPoUqhAcEU3tG9o1un3MF8mFg=
  dependencies:
    utrie "^1.0.1"

uni-simple-router@^1.5.5:
  version "1.5.5"
  resolved "https://registry.nlark.com/uni-simple-router/download/uni-simple-router-1.5.5.tgz?cache=0&sync_timestamp=1623057810235&other_urls=https%3A%2F%2Fregistry.nlark.com%2Funi-simple-router%2Fdownload%2Funi-simple-router-1.5.5.tgz#598f4adbece98372f7cfeb3b8a627089b4203899"
  integrity sha1-WY9K2+zpg3L3z+s7imJwibQgOJk=
  dependencies:
    query-string "^6.12.1"

utrie@^1.0.1:
  version "1.0.1"
  resolved "https://npm.tt.cn/utrie/-/utrie-1.0.1.tgz#e155235ebcbddc89ae09261ab6e773ce61401b2f"
  integrity sha1-4VUjXry93ImuCSYatudzzmFAGy8=
  dependencies:
    base64-arraybuffer "^1.0.1"

uview-ui@^1.8.4:
  version "1.8.4"
  resolved "https://registry.npm.taobao.org/uview-ui/download/uview-ui-1.8.4.tgz#e32bbf2379421d319022e324e1cb7b5387d3bd44"
  integrity sha1-4yu/I3lCHTGQIuMk4ct7U4fTvUQ=

v-charts-v2@^2.0.9:
  version "2.0.9"
  resolved "https://registry.nlark.com/v-charts-v2/download/v-charts-v2-2.0.9.tgz#9dbec708c58eb4e8653f79eb64c3ed168db6baf6"
  integrity sha1-nb7HCMWOtOhlP3nrZMPtFo22uvY=
  dependencies:
    echarts-amap "^1.0.0-rc.6"
    numeral "^2.0.6"
